
Microsoft Visual Studio Solution File, Format Version 12.00
# Visual Studio Version 17
VisualStudioVersion = 17.7.34221.43
MinimumVisualStudioVersion = 10.0.40219.1
Project("{FAE04EC0-301F-11D3-BF4B-00C04F79EFBC}") = "webprojempetshop", "webprojempetshop\webprojempetshop.csproj", "{331DDC6E-2246-47C2-BD81-0A63A11CD4D7}"
EndProject
Global
	GlobalSection(SolutionConfigurationPlatforms) = preSolution
		Debug|Any CPU = Debug|Any CPU
		Release|Any CPU = Release|Any CPU
	EndGlobalSection
	GlobalSection(ProjectConfigurationPlatforms) = postSolution
		{331DDC6E-2246-47C2-BD81-0A63A11CD4D7}.Debug|Any CPU.ActiveCfg = Debug|Any CPU
		{331DDC6E-2246-47C2-BD81-0A63A11CD4D7}.Debug|Any CPU.Build.0 = Debug|Any CPU
		{331DDC6E-2246-47C2-BD81-0A63A11CD4D7}.Release|Any CPU.ActiveCfg = Release|Any CPU
		{331DDC6E-2246-47C2-BD81-0A63A11CD4D7}.Release|Any CPU.Build.0 = Release|Any CPU
	EndGlobalSection
	GlobalSection(SolutionProperties) = preSolution
		HideSolutionNode = FALSE
	EndGlobalSection
	GlobalSection(ExtensibilityGlobals) = postSolution
		SolutionGuid = {A55D9D3C-4080-46EA-BBB2-A518BCE38193}
	EndGlobalSection
EndGlobal
